
Microsoft Visual Studio Solution File, Format Version 12.00
# Visual Studio Version 17
VisualStudioVersion = 17.7.34024.191
MinimumVisualStudioVersion = 10.0.40219.1
Project("{FAE04EC0-301F-11D3-BF4B-00C04F79EFBC}") = "WebApi", "WebApi\WebApi.csproj", "{BF20F6C8-0AEC-491C-8D79-D46C5CF806A2}"
EndProject
Project("{FAE04EC0-301F-11D3-BF4B-00C04F79EFBC}") = "BusinesLogic", "BusinesLogic\BusinesLogic.csproj", "{BA2BC32B-50BC-46FB-8ACC-BE4A54C3BA28}"
EndProject
Project("{FAE04EC0-301F-11D3-BF4B-00C04F79EFBC}") = "Core", "Core\Core.csproj", "{A1848809-3914-4446-88A6-2F18B085D5BC}"
EndProject
Global
	GlobalSection(SolutionConfigurationPlatforms) = preSolution
		Debug|Any CPU = Debug|Any CPU
		Release|Any CPU = Release|Any CPU
	EndGlobalSection
	GlobalSection(ProjectConfigurationPlatforms) = postSolution
		{BF20F6C8-0AEC-491C-8D79-D46C5CF806A2}.Debug|Any CPU.ActiveCfg = Debug|Any CPU
		{BF20F6C8-0AEC-491C-8D79-D46C5CF806A2}.Debug|Any CPU.Build.0 = Debug|Any CPU
		{BF20F6C8-0AEC-491C-8D79-D46C5CF806A2}.Release|Any CPU.ActiveCfg = Release|Any CPU
		{BF20F6C8-0AEC-491C-8D79-D46C5CF806A2}.Release|Any CPU.Build.0 = Release|Any CPU
		{BA2BC32B-50BC-46FB-8ACC-BE4A54C3BA28}.Debug|Any CPU.ActiveCfg = Debug|Any CPU
		{BA2BC32B-50BC-46FB-8ACC-BE4A54C3BA28}.Debug|Any CPU.Build.0 = Debug|Any CPU
		{BA2BC32B-50BC-46FB-8ACC-BE4A54C3BA28}.Release|Any CPU.ActiveCfg = Release|Any CPU
		{BA2BC32B-50BC-46FB-8ACC-BE4A54C3BA28}.Release|Any CPU.Build.0 = Release|Any CPU
		{A1848809-3914-4446-88A6-2F18B085D5BC}.Debug|Any CPU.ActiveCfg = Debug|Any CPU
		{A1848809-3914-4446-88A6-2F18B085D5BC}.Debug|Any CPU.Build.0 = Debug|Any CPU
		{A1848809-3914-4446-88A6-2F18B085D5BC}.Release|Any CPU.ActiveCfg = Release|Any CPU
		{A1848809-3914-4446-88A6-2F18B085D5BC}.Release|Any CPU.Build.0 = Release|Any CPU
	EndGlobalSection
	GlobalSection(SolutionProperties) = preSolution
		HideSolutionNode = FALSE
	EndGlobalSection
	GlobalSection(ExtensibilityGlobals) = postSolution
		SolutionGuid = {0DB8AFCD-789D-48DD-B7CF-768C8E764359}
	EndGlobalSection
EndGlobal
